
Microsoft Visual Studio Solution File, Format Version 12.00
# Visual Studio Version 17
VisualStudioVersion = 17.7.34202.233
MinimumVisualStudioVersion = 10.0.40219.1
Project("{9A19103F-16F7-4668-BE54-9A1E7A4F7556}") = "SouthernCrossAssessment", "SouthernCrossAssessment\SouthernCrossAssessment.csproj", "{EEE9F3FF-7A01-4FA5-B2E3-D5A59D18F749}"
EndProject
Project("{FAE04EC0-301F-11D3-BF4B-00C04F79EFBC}") = "APITests", "APITests\APITests.csproj", "{802E12FD-AEAB-4546-9F3A-60BA89A13B10}"
EndProject
Global
	GlobalSection(SolutionConfigurationPlatforms) = preSolution
		Debug|Any CPU = Debug|Any CPU
		Release|Any CPU = Release|Any CPU
	EndGlobalSection
	GlobalSection(ProjectConfigurationPlatforms) = postSolution
		{EEE9F3FF-7A01-4FA5-B2E3-D5A59D18F749}.Debug|Any CPU.ActiveCfg = Debug|Any CPU
		{EEE9F3FF-7A01-4FA5-B2E3-D5A59D18F749}.Debug|Any CPU.Build.0 = Debug|Any CPU
		{EEE9F3FF-7A01-4FA5-B2E3-D5A59D18F749}.Release|Any CPU.ActiveCfg = Release|Any CPU
		{EEE9F3FF-7A01-4FA5-B2E3-D5A59D18F749}.Release|Any CPU.Build.0 = Release|Any CPU
		{802E12FD-AEAB-4546-9F3A-60BA89A13B10}.Debug|Any CPU.ActiveCfg = Debug|Any CPU
		{802E12FD-AEAB-4546-9F3A-60BA89A13B10}.Debug|Any CPU.Build.0 = Debug|Any CPU
		{802E12FD-AEAB-4546-9F3A-60BA89A13B10}.Release|Any CPU.ActiveCfg = Release|Any CPU
		{802E12FD-AEAB-4546-9F3A-60BA89A13B10}.Release|Any CPU.Build.0 = Release|Any CPU
	EndGlobalSection
	GlobalSection(SolutionProperties) = preSolution
		HideSolutionNode = FALSE
	EndGlobalSection
	GlobalSection(ExtensibilityGlobals) = postSolution
		SolutionGuid = {1DDF042F-2A6F-43D2-AD12-A3B1A8B08572}
	EndGlobalSection
EndGlobal
